
Microsoft Visual Studio Solution File, Format Version 12.00
# Visual Studio Version 16
VisualStudioVersion = 25.0.1704.3
MinimumVisualStudioVersion = 10.0.40219.1
Project("{FAE04EC0-301F-11D3-BF4B-00C04F79EFBC}") = "Aion.CustomerConfigService.Api", "Aion.CustomerConfigService.Api\Aion.CustomerConfigService.Api.csproj", "{EB502D08-4EAC-42FC-BDF5-EA0D54DAFC02}"
EndProject
Project("{FAE04EC0-301F-11D3-BF4B-00C04F79EFBC}") = "Aion.CustomerConfigService.Domain", "Aion.CustomerConfigService.Domain\Aion.CustomerConfigService.Domain.csproj", "{BF9C0CFE-F7E2-49DE-86CE-94ABC57E6AF0}"
EndProject
Project("{FAE04EC0-301F-11D3-BF4B-00C04F79EFBC}") = "Aion.CustomerConfigService.Infrastructure", "Aion.CustomerConfigService.Infrastructure\Aion.CustomerConfigService.Infrastructure.csproj", "{B3A19A84-0656-447F-BD40-B8B0CC1C2C22}"
EndProject
Project("{FAE04EC0-301F-11D3-BF4B-00C04F79EFBC}") = "Aion.CustomerConfigService.Application", "Aion.CustomerConfigService.Application\Aion.CustomerConfigService.Application.csproj", "{85282FCB-0A40-433B-B829-2DC99F957BFB}"
EndProject
Global
	GlobalSection(SolutionConfigurationPlatforms) = preSolution
		Debug|Any CPU = Debug|Any CPU
		Release|Any CPU = Release|Any CPU
	EndGlobalSection
	GlobalSection(ProjectConfigurationPlatforms) = postSolution
		{EB502D08-4EAC-42FC-BDF5-EA0D54DAFC02}.Debug|Any CPU.ActiveCfg = Debug|Any CPU
		{EB502D08-4EAC-42FC-BDF5-EA0D54DAFC02}.Debug|Any CPU.Build.0 = Debug|Any CPU
		{EB502D08-4EAC-42FC-BDF5-EA0D54DAFC02}.Release|Any CPU.ActiveCfg = Release|Any CPU
		{EB502D08-4EAC-42FC-BDF5-EA0D54DAFC02}.Release|Any CPU.Build.0 = Release|Any CPU
		{BF9C0CFE-F7E2-49DE-86CE-94ABC57E6AF0}.Debug|Any CPU.ActiveCfg = Debug|Any CPU
		{BF9C0CFE-F7E2-49DE-86CE-94ABC57E6AF0}.Debug|Any CPU.Build.0 = Debug|Any CPU
		{BF9C0CFE-F7E2-49DE-86CE-94ABC57E6AF0}.Release|Any CPU.ActiveCfg = Release|Any CPU
		{BF9C0CFE-F7E2-49DE-86CE-94ABC57E6AF0}.Release|Any CPU.Build.0 = Release|Any CPU
		{B3A19A84-0656-447F-BD40-B8B0CC1C2C22}.Debug|Any CPU.ActiveCfg = Debug|Any CPU
		{B3A19A84-0656-447F-BD40-B8B0CC1C2C22}.Debug|Any CPU.Build.0 = Debug|Any CPU
		{B3A19A84-0656-447F-BD40-B8B0CC1C2C22}.Release|Any CPU.ActiveCfg = Release|Any CPU
		{B3A19A84-0656-447F-BD40-B8B0CC1C2C22}.Release|Any CPU.Build.0 = Release|Any CPU
		{85282FCB-0A40-433B-B829-2DC99F957BFB}.Debug|Any CPU.ActiveCfg = Debug|Any CPU
		{85282FCB-0A40-433B-B829-2DC99F957BFB}.Debug|Any CPU.Build.0 = Debug|Any CPU
		{85282FCB-0A40-433B-B829-2DC99F957BFB}.Release|Any CPU.ActiveCfg = Release|Any CPU
		{85282FCB-0A40-433B-B829-2DC99F957BFB}.Release|Any CPU.Build.0 = Release|Any CPU
	EndGlobalSection
	GlobalSection(SolutionProperties) = preSolution
		HideSolutionNode = FALSE
	EndGlobalSection
	GlobalSection(ExtensibilityGlobals) = postSolution
		SolutionGuid = {8FD3D2F6-8687-4AC9-B82E-1502CBB35BE4}
	EndGlobalSection
EndGlobal
